// !$*UTF8*$!
{
	archiveVersion = 1;
	classes = {
	};
	objectVersion = 46;
	objects = {

/* Begin PBXBuildFile section */
		C5C627681D4BFB760056E8C0 /* main.m in Sources */ = {isa = PBXBuildFile; fileRef = C5C627671D4BFB760056E8C0 /* main.m */; };
		C5C6276B1D4BFB760056E8C0 /* AppDelegate.m in Sources */ = {isa = PBXBuildFile; fileRef = C5C6276A1D4BFB760056E8C0 /* AppDelegate.m */; };
		C5C6276E1D4BFB760056E8C0 /* VoltageViewController.m in Sources */ = {isa = PBXBuildFile; fileRef = C5C6276D1D4BFB760056E8C0 /* VoltageViewController.m */; };
		C5C627711D4BFB760056E8C0 /* Main.storyboard in Resources */ = {isa = PBXBuildFile; fileRef = C5C6276F1D4BFB760056E8C0 /* Main.storyboard */; };
		C5C627731D4BFB760056E8C0 /* Assets.xcassets in Resources */ = {isa = PBXBuildFile; fileRef = C5C627721D4BFB760056E8C0 /* Assets.xcassets */; };
		C5C627761D4BFB760056E8C0 /* LaunchScreen.storyboard in Resources */ = {isa = PBXBuildFile; fileRef = C5C627741D4BFB760056E8C0 /* LaunchScreen.storyboard */; };
		C5C627801D4BFBD30056E8C0 /* MainTableViewController.m in Sources */ = {isa = PBXBuildFile; fileRef = C5C6277F1D4BFBD30056E8C0 /* MainTableViewController.m */; };
		C5C627841D4BFC520056E8C0 /* HIghVoltageCalculator.m in Sources */ = {isa = PBXBuildFile; fileRef = C5C627831D4BFC520056E8C0 /* HIghVoltageCalculator.m */; };
/* End PBXBuildFile section */

/* Begin PBXFileReference section */
		C5C627631D4BFB760056E8C0 /* HIghVoltage.app */ = {isa = PBXFileReference; explicitFileType = wrapper.application; includeInIndex = 0; path = HIghVoltage.app; sourceTree = BUILT_PRODUCTS_DIR; };
		C5C627671D4BFB760056E8C0 /* main.m */ = {isa = PBXFileReference; lastKnownFileType = sourcecode.c.objc; path = main.m; sourceTree = "<group>"; };
		C5C627691D4BFB760056E8C0 /* AppDelegate.h */ = {isa = PBXFileReference; lastKnownFileType = sourcecode.c.h; path = AppDelegate.h; sourceTree = "<group>"; };
		C5C6276A1D4BFB760056E8C0 /* AppDelegate.m */ = {isa = PBXFileReference; lastKnownFileType = sourcecode.c.objc; path = AppDelegate.m; sourceTree = "<group>"; };
		C5C6276C1D4BFB760056E8C0 /* VoltageViewController.h */ = {isa = PBXFileReference; lastKnownFileType = sourcecode.c.h; path = VoltageViewController.h; sourceTree = "<group>"; };
		C5C6276D1D4BFB760056E8C0 /* VoltageViewController.m */ = {isa = PBXFileReference; lastKnownFileType = sourcecode.c.objc; path = VoltageViewController.m; sourceTree = "<group>"; };
		C5C627701D4BFB760056E8C0 /* Base */ = {isa = PBXFileReference; lastKnownFileType = file.storyboard; name = Base; path = Base.lproj/Main.storyboard; sourceTree = "<group>"; };
		C5C627721D4BFB760056E8C0 /* Assets.xcassets */ = {isa = PBXFileReference; lastKnownFileType = folder.assetcatalog; path = Assets.xcassets; sourceTree = "<group>"; };
		C5C627751D4BFB760056E8C0 /* Base */ = {isa = PBXFileReference; lastKnownFileType = file.storyboard; name = Base; path = Base.lproj/LaunchScreen.storyboard; sourceTree = "<group>"; };
		C5C627771D4BFB760056E8C0 /* Info.plist */ = {isa = PBXFileReference; lastKnownFileType = text.plist.xml; path = Info.plist; sourceTree = "<group>"; };
		C5C6277E1D4BFBD30056E8C0 /* MainTableViewController.h */ = {isa = PBXFileReference; fileEncoding = 4; lastKnownFileType = sourcecode.c.h; path = MainTableViewController.h; sourceTree = "<group>"; };
		C5C6277F1D4BFBD30056E8C0 /* MainTableViewController.m */ = {isa = PBXFileReference; fileEncoding = 4; lastKnownFileType = sourcecode.c.objc; path = MainTableViewController.m; sourceTree = "<group>"; };
		C5C627821D4BFC520056E8C0 /* HIghVoltageCalculator.h */ = {isa = PBXFileReference; fileEncoding = 4; lastKnownFileType = sourcecode.c.h; path = HIghVoltageCalculator.h; sourceTree = "<group>"; };
		C5C627831D4BFC520056E8C0 /* HIghVoltageCalculator.m */ = {isa = PBXFileReference; fileEncoding = 4; lastKnownFileType = sourcecode.c.objc; path = HIghVoltageCalculator.m; sourceTree = "<group>"; };
/* End PBXFileReference section */

/* Begin PBXFrameworksBuildPhase section */
		C5C627601D4BFB760056E8C0 /* Frameworks */ = {
			isa = PBXFrameworksBuildPhase;
			buildActionMask = 2147483647;
			files = (
			);
			runOnlyForDeploymentPostprocessing = 0;
		};
/* End PBXFrameworksBuildPhase section */

/* Begin PBXGroup section */
		C5C6275A1D4BFB760056E8C0 = {
			isa = PBXGroup;
			children = (
				C5C627651D4BFB760056E8C0 /* HIghVoltage */,
				C5C627641D4BFB760056E8C0 /* Products */,
			);
			sourceTree = "<group>";
		};
		C5C627641D4BFB760056E8C0 /* Products */ = {
			isa = PBXGroup;
			children = (
				C5C627631D4BFB760056E8C0 /* HIghVoltage.app */,
			);
			name = Products;
			sourceTree = "<group>";
		};
		C5C627651D4BFB760056E8C0 /* HIghVoltage */ = {
			isa = PBXGroup;
			children = (
				C5C627811D4BFC380056E8C0 /* Models */,
				C5C6277D1D4BFB950056E8C0 /* Controllers */,
				C5C627691D4BFB760056E8C0 /* AppDelegate.h */,
				C5C6276A1D4BFB760056E8C0 /* AppDelegate.m */,
				C5C6276F1D4BFB760056E8C0 /* Main.storyboard */,
				C5C627721D4BFB760056E8C0 /* Assets.xcassets */,
				C5C627741D4BFB760056E8C0 /* LaunchScreen.storyboard */,
				C5C627771D4BFB760056E8C0 /* Info.plist */,
				C5C627661D4BFB760056E8C0 /* Supporting Files */,
			);
			path = HIghVoltage;
			sourceTree = "<group>";
		};
		C5C627661D4BFB760056E8C0 /* Supporting Files */ = {
			isa = PBXGroup;
			children = (
				C5C627671D4BFB760056E8C0 /* main.m */,
			);
			name = "Supporting Files";
			sourceTree = "<group>";
		};
		C5C6277D1D4BFB950056E8C0 /* Controllers */ = {
			isa = PBXGroup;
			children = (
				C5C6276C1D4BFB760056E8C0 /* VoltageViewController.h */,
				C5C6276D1D4BFB760056E8C0 /* VoltageViewController.m */,
				C5C6277E1D4BFBD30056E8C0 /* MainTableViewController.h */,
				C5C6277F1D4BFBD30056E8C0 /* MainTableViewController.m */,
			);
			name = Controllers;
			sourceTree = "<group>";
		};
		C5C627811D4BFC380056E8C0 /* Models */ = {
			isa = PBXGroup;
			children = (
				C5C627821D4BFC520056E8C0 /* HIghVoltageCalculator.h */,
				C5C627831D4BFC520056E8C0 /* HIghVoltageCalculator.m */,
			);
			name = Models;
			sourceTree = "<group>";
		};
/* End PBXGroup section */

/* Begin PBXNativeTarget section */
		C5C627621D4BFB760056E8C0 /* HIghVoltage */ = {
			isa = PBXNativeTarget;
			buildConfigurationList = C5C6277A1D4BFB760056E8C0 /* Build configuration list for PBXNativeTarget "HIghVoltage" */;
			buildPhases = (
				C5C6275F1D4BFB760056E8C0 /* Sources */,
				C5C627601D4BFB760056E8C0 /* Frameworks */,
				C5C627611D4BFB760056E8C0 /* Resources */,
			);
			buildRules = (
			);
			dependencies = (
			);
			name = HIghVoltage;
			productName = HIghVoltage;
			productReference = C5C627631D4BFB760056E8C0 /* HIghVoltage.app */;
			productType = "com.apple.product-type.application";
		};
/* End PBXNativeTarget section */

/* Begin PBXProject section */
		C5C6275B1D4BFB760056E8C0 /* Project object */ = {
			isa = PBXProject;
			attributes = {
				LastUpgradeCheck = 0730;
				ORGANIZATIONNAME = "Jorge Catalan";
				TargetAttributes = {
					C5C627621D4BFB760056E8C0 = {
						CreatedOnToolsVersion = 7.3.1;
						DevelopmentTeam = DFHMFVHWS2;
					};
				};
			};
			buildConfigurationList = C5C6275E1D4BFB760056E8C0 /* Build configuration list for PBXProject "HIghVoltage" */;
			compatibilityVersion = "Xcode 3.2";
			developmentRegion = English;
			hasScannedForEncodings = 0;
			knownRegions = (
				en,
				Base,
			);
			mainGroup = C5C6275A1D4BFB760056E8C0;
			productRefGroup = C5C627641D4BFB760056E8C0 /* Products */;
			projectDirPath = "";
			projectRoot = "";
			targets = (
				C5C627621D4BFB760056E8C0 /* HIghVoltage */,
			);
		};
/* End PBXProject section */

/* Begin PBXResourcesBuildPhase section */
		C5C627611D4BFB760056E8C0 /* Resources */ = {
			isa = PBXResourcesBuildPhase;
			buildActionMask = 2147483647;
			files = (
				C5C627761D4BFB760056E8C0 /* LaunchScreen.storyboard in Resources */,
				C5C627731D4BFB760056E8C0 /* Assets.xcassets in Resources */,
				C5C627711D4BFB760056E8C0 /* Main.storyboard in Resources */,
			);
			runOnlyForDeploymentPostprocessing = 0;
		};
/* End PBXResourcesBuildPhase section */

/* Begin PBXSourcesBuildPhase section */
		C5C6275F1D4BFB760056E8C0 /* Sources */ = {
			isa = PBXSourcesBuildPhase;
			buildActionMask = 2147483647;
			files = (
				C5C627801D4BFBD30056E8C0 /* MainTableViewController.m in Sources */,
				C5C627841D4BFC520056E8C0 /* HIghVoltageCalculator.m in Sources */,
				C5C6276E1D4BFB760056E8C0 /* VoltageViewController.m in Sources */,
				C5C6276B1D4BFB760056E8C0 /* AppDelegate.m in Sources */,
				C5C627681D4BFB760056E8C0 /* main.m in Sources */,
			);
			runOnlyForDeploymentPostprocessing = 0;
		};
/* End PBXSourcesBuildPhase section */

/* Begin PBXVariantGroup section */
		C5C6276F1D4BFB760056E8C0 /* Main.storyboard */ = {
			isa = PBXVariantGroup;
			children = (
				C5C627701D4BFB760056E8C0 /* Base */,
			);
			name = Main.storyboard;
			sourceTree = "<group>";
		};
		C5C627741D4BFB760056E8C0 /* LaunchScreen.storyboard */ = {
			isa = PBXVariantGroup;
			children = (
				C5C627751D4BFB760056E8C0 /* Base */,
			);
			name = LaunchScreen.storyboard;
			sourceTree = "<group>";
		};
/* End PBXVariantGroup section */

/* Begin XCBuildConfiguration section */
		C5C627781D4BFB760056E8C0 /* Debug */ = {
			isa = XCBuildConfiguration;
			buildSettings = {
				ALWAYS_SEARCH_USER_PATHS = NO;
				CLANG_ANALYZER_NONNULL = YES;
				CLANG_CXX_LANGUAGE_STANDARD = "gnu++0x";
				CLANG_CXX_LIBRARY = "libc++";
				CLANG_ENABLE_MODULES = YES;
				CLANG_ENABLE_OBJC_ARC = YES;
				CLANG_WARN_BOOL_CONVERSION = YES;
				CLANG_WARN_CONSTANT_CONVERSION = YES;
				CLANG_WARN_DIRECT_OBJC_ISA_USAGE = YES_ERROR;
				CLANG_WARN_EMPTY_BODY = YES;
				CLANG_WARN_ENUM_CONVERSION = YES;
				CLANG_WARN_INT_CONVERSION = YES;
				CLANG_WARN_OBJC_ROOT_CLASS = YES_ERROR;
				CLANG_WARN_UNREACHABLE_CODE = YES;
				CLANG_WARN__DUPLICATE_METHOD_MATCH = YES;
				"CODE_SIGN_IDENTITY[sdk=iphoneos*]" = "iPhone Developer";
				COPY_PHASE_STRIP = NO;
				DEBUG_INFORMATION_FORMAT = dwarf;
				ENABLE_STRICT_OBJC_MSGSEND = YES;
				ENABLE_TESTABILITY = YES;
				GCC_C_LANGUAGE_STANDARD = gnu99;
				GCC_DYNAMIC_NO_PIC = NO;
				GCC_NO_COMMON_BLOCKS = YES;
				GCC_OPTIMIZATION_LEVEL = 0;
				GCC_PREPROCESSOR_DEFINITIONS = (
					"DEBUG=1",
					"$(inherited)",
				);
				GCC_WARN_64_TO_32_BIT_CONVERSION = YES;
				GCC_WARN_ABOUT_RETURN_TYPE = YES_ERROR;
				GCC_WARN_UNDECLARED_SELECTOR = YES;
				GCC_WARN_UNINITIALIZED_AUTOS = YES_AGGRESSIVE;
				GCC_WARN_UNUSED_FUNCTION = YES;
				GCC_WARN_UNUSED_VARIABLE = YES;
				IPHONEOS_DEPLOYMENT_TARGET = 9.3;
				MTL_ENABLE_DEBUG_INFO = YES;
				ONLY_ACTIVE_ARCH = YES;
				SDKROOT = iphoneos;
			};
			name = Debug;
		};
		C5C627791D4BFB760056E8C0 /* Release */ = {
			isa = XCBuildConfiguration;
			buildSettings = {
				ALWAYS_SEARCH_USER_PATHS = NO;
				CLANG_ANALYZER_NONNULL = YES;
				CLANG_CXX_LANGUAGE_STANDARD = "gnu++0x";
				CLANG_CXX_LIBRARY = "libc++";
				CLANG_ENABLE_MODULES = YES;
				CLANG_ENABLE_OBJC_ARC = YES;
				CLANG_WARN_BOOL_CONVERSION = YES;
				CLANG_WARN_CONSTANT_CONVERSION = YES;
				CLANG_WARN_DIRECT_OBJC_ISA_USAGE = YES_ERROR;
				CLANG_WARN_EMPTY_BODY = YES;
				CLANG_WARN_ENUM_CONVERSION = YES;
				CLANG_WARN_INT_CONVERSION = YES;
				CLANG_WARN_OBJC_ROOT_CLASS = YES_ERROR;
				CLANG_WARN_UNREACHABLE_CODE = YES;
				CLANG_WARN__DUPLICATE_METHOD_MATCH = YES;
				"CODE_SIGN_IDENTITY[sdk=iphoneos*]" = "iPhone Developer";
				COPY_PHASE_STRIP = NO;
				DEBUG_INFORMATION_FORMAT = "dwarf-with-dsym";
				ENABLE_NS_ASSERTIONS = NO;
				ENABLE_STRICT_OBJC_MSGSEND = YES;
				GCC_C_LANGUAGE_STANDARD = gnu99;
				GCC_NO_COMMON_BLOCKS = YES;
				GCC_WARN_64_TO_32_BIT_CONVERSION = YES;
				GCC_WARN_ABOUT_RETURN_TYPE = YES_ERROR;
				GCC_WARN_UNDECLARED_SELECTOR = YES;
				GCC_WARN_UNINITIALIZED_AUTOS = YES_AGGRESSIVE;
				GCC_WARN_UNUSED_FUNCTION = YES;
				GCC_WARN_UNUSED_VARIABLE = YES;
				IPHONEOS_DEPLOYMENT_TARGET = 9.3;
				MTL_ENABLE_DEBUG_INFO = NO;
				SDKROOT = iphoneos;
				VALIDATE_PRODUCT = YES;
			};
			name = Release;
		};
		C5C6277B1D4BFB760056E8C0 /* Debug */ = {
			isa = XCBuildConfiguration;
			buildSettings = {
				ASSETCATALOG_COMPILER_APPICON_NAME = AppIcon;
				INFOPLIST_FILE = HIghVoltage/Info.plist;
				LD_RUNPATH_SEARCH_PATHS = "$(inherited) @executable_path/Frameworks";
				PRODUCT_BUNDLE_IDENTIFIER = "Jorge-Catalan.HIghVoltage";
				PRODUCT_NAME = "$(TARGET_NAME)";
			};
			name = Debug;
		};
		C5C6277C1D4BFB760056E8C0 /* Release */ = {
			isa = XCBuildConfiguration;
			buildSettings = {
				ASSETCATALOG_COMPILER_APPICON_NAME = AppIcon;
				INFOPLIST_FILE = HIghVoltage/Info.plist;
				LD_RUNPATH_SEARCH_PATHS = "$(inherited) @executable_path/Frameworks";
				PRODUCT_BUNDLE_IDENTIFIER = "Jorge-Catalan.HIghVoltage";
				PRODUCT_NAME = "$(TARGET_NAME)";
			};
			name = Release;
		};
/* End XCBuildConfiguration section */

/* Begin XCConfigurationList section */
		C5C6275E1D4BFB760056E8C0 /* Build configuration list for PBXProject "HIghVoltage" */ = {
			isa = XCConfigurationList;
			buildConfigurations = (
				C5C627781D4BFB760056E8C0 /* Debug */,
				C5C627791D4BFB760056E8C0 /* Release */,
			);
			defaultConfigurationIsVisible = 0;
			defaultConfigurationName = Release;
		};
		C5C6277A1D4BFB760056E8C0 /* Build configuration list for PBXNativeTarget "HIghVoltage" */ = {
			isa = XCConfigurationList;
			buildConfigurations = (
				C5C6277B1D4BFB760056E8C0 /* Debug */,
				C5C6277C1D4BFB760056E8C0 /* Release */,
			);
			defaultConfigurationIsVisible = 0;
			defaultConfigurationName = Release;
		};
/* End XCConfigurationList section */
	};
	rootObject = C5C6275B1D4BFB760056E8C0 /* Project object */;
}
